speakeasyVersion: 1.794.0
sources:
    Fstop:
        sourceNamespace: fstop
        sourceRevisionDigest: sha256:b1e4d8d98fe21171845b01a8308af6c910393e97346cbe2c80f80a67bb97556c
        sourceBlobDigest: sha256:b8e3d05be60b600d47d78934607c26f12071d752bb03d62e54fd960d0566bd7b
        tags:
            - latest
            - main
            - 1.0.0
targets:
    fstop:
        source: Fstop
        sourceNamespace: fstop
        sourceRevisionDigest: sha256:b1e4d8d98fe21171845b01a8308af6c910393e97346cbe2c80f80a67bb97556c
        sourceBlobDigest: sha256:b8e3d05be60b600d47d78934607c26f12071d752bb03d62e54fd960d0566bd7b
        codeSamplesNamespace: fstop-python-code-samples
        codeSamplesRevisionDigest: sha256:1bbd22b411e6186025e0f0831f5924419899e40b1e8ca010cd5c5f46d1c588e8
workflow:
    workflowVersion: 1.0.0
    speakeasyVersion: latest
    sources:
        Fstop:
            inputs:
                - location: ./schema.yml
            output: .speakeasy/out.openapi.yaml
            registry:
                location: registry.speakeasyapi.dev/fstop/fstop-api/fstop
    targets:
        fstop:
            target: python
            source: Fstop
            codeSamples:
                registry:
                    location: registry.speakeasyapi.dev/fstop/fstop-api/fstop-python-code-samples
                labelOverride:
                    fixedValue: Python (SDK)
                blocking: false
