speakeasyVersion: 1.791.0
sources:
    Fstop:
        sourceNamespace: fstop
        sourceRevisionDigest: sha256:72fde9bbea780901729b5e388accd639bf82f065e52e2ee35f8c4b4f85b3548d
        sourceBlobDigest: sha256:f860ba102bda69d6b7033de8b708749c3f662e3b06da183d7ceec77c21f3a66d
        tags:
            - latest
            - 1.0.0
targets:
    fstop:
        source: Fstop
        sourceNamespace: fstop
        sourceRevisionDigest: sha256:72fde9bbea780901729b5e388accd639bf82f065e52e2ee35f8c4b4f85b3548d
        sourceBlobDigest: sha256:f860ba102bda69d6b7033de8b708749c3f662e3b06da183d7ceec77c21f3a66d
        codeSamplesNamespace: fstop-python-code-samples
        codeSamplesRevisionDigest: sha256:f4acf80ce4c782f5f1bff428838a99f084486e266a91df142eac2609154c24db
workflow:
    workflowVersion: 1.0.0
    speakeasyVersion: latest
    sources:
        Fstop:
            inputs:
                - location: ../fstop/schema.yml
            output: .speakeasy/out.openapi.yaml
            registry:
                location: registry.speakeasyapi.dev/fstop/fstop-api/fstop
    targets:
        fstop:
            target: python
            source: Fstop
            codeSamples:
                registry:
                    location: registry.speakeasyapi.dev/fstop/fstop-api/fstop-python-code-samples
                labelOverride:
                    fixedValue: Python (SDK)
                blocking: false
